// !$*UTF8*$!
{
	archiveVersion = 1;
	classes = {
	};
	objectVersion = 56;
	objects = {

/* Begin PBXBuildFile section */
		12D3C95F2C3B8C19007F979F /* coreDateAddDataApp.swift in Sources */ = {isa = PBXBuildFile; fileRef = 12D3C95E2C3B8C19007F979F /* coreDateAddDataApp.swift */; };
		12D3C9612C3B8C19007F979F /* ContentView.swift in Sources */ = {isa = PBXBuildFile; fileRef = 12D3C9602C3B8C19007F979F /* ContentView.swift */; };
		12D3C9632C3B8C1C007F979F /* Assets.xcassets in Resources */ = {isa = PBXBuildFile; fileRef = 12D3C9622C3B8C1C007F979F /* Assets.xcassets */; };
		12D3C9662C3B8C1C007F979F /* Preview Assets.xcassets in Resources */ = {isa = PBXBuildFile; fileRef = 12D3C9652C3B8C1C007F979F /* Preview Assets.xcassets */; };
		12D3C9682C3B8C1C007F979F /* Persistence.swift in Sources */ = {isa = PBXBuildFile; fileRef = 12D3C9672C3B8C1C007F979F /* Persistence.swift */; };
		12D3C96B2C3B8C1C007F979F /* coreDateAddData.xcdatamodeld in Sources */ = {isa = PBXBuildFile; fileRef = 12D3C9692C3B8C1C007F979F /* coreDateAddData.xcdatamodeld */; };
/* End PBXBuildFile section */

/* Begin PBXFileReference section */
		12D3C95B2C3B8C19007F979F /* coreDateAddData.app */ = {isa = PBXFileReference; explicitFileType = wrapper.application; includeInIndex = 0; path = coreDateAddData.app; sourceTree = BUILT_PRODUCTS_DIR; };
		12D3C95E2C3B8C19007F979F /* coreDateAddDataApp.swift */ = {isa = PBXFileReference; lastKnownFileType = sourcecode.swift; path = coreDateAddDataApp.swift; sourceTree = "<group>"; };
		12D3C9602C3B8C19007F979F /* ContentView.swift */ = {isa = PBXFileReference; lastKnownFileType = sourcecode.swift; path = ContentView.swift; sourceTree = "<group>"; };
		12D3C9622C3B8C1C007F979F /* Assets.xcassets */ = {isa = PBXFileReference; lastKnownFileType = folder.assetcatalog; path = Assets.xcassets; sourceTree = "<group>"; };
		12D3C9652C3B8C1C007F979F /* Preview Assets.xcassets */ = {isa = PBXFileReference; lastKnownFileType = folder.assetcatalog; path = "Preview Assets.xcassets"; sourceTree = "<group>"; };
		12D3C9672C3B8C1C007F979F /* Persistence.swift */ = {isa = PBXFileReference; lastKnownFileType = sourcecode.swift; path = Persistence.swift; sourceTree = "<group>"; };
		12D3C96A2C3B8C1C007F979F /* coreDateAddData.xcdatamodel */ = {isa = PBXFileReference; lastKnownFileType = wrapper.xcdatamodel; path = coreDateAddData.xcdatamodel; sourceTree = "<group>"; };
/* End PBXFileReference section */

/* Begin PBXFrameworksBuildPhase section */
		12D3C9582C3B8C19007F979F /* Frameworks */ = {
			isa = PBXFrameworksBuildPhase;
			buildActionMask = 2147483647;
			files = (
			);
			runOnlyForDeploymentPostprocessing = 0;
		};
/* End PBXFrameworksBuildPhase section */

/* Begin PBXGroup section */
		12D3C9522C3B8C19007F979F = {
			isa = PBXGroup;
			children = (
				12D3C95D2C3B8C19007F979F /* coreDateAddData */,
				12D3C95C2C3B8C19007F979F /* Products */,
			);
			sourceTree = "<group>";
		};
		12D3C95C2C3B8C19007F979F /* Products */ = {
			isa = PBXGroup;
			children = (
				12D3C95B2C3B8C19007F979F /* coreDateAddData.app */,
			);
			name = Products;
			sourceTree = "<group>";
		};
		12D3C95D2C3B8C19007F979F /* coreDateAddData */ = {
			isa = PBXGroup;
			children = (
				12D3C95E2C3B8C19007F979F /* coreDateAddDataApp.swift */,
				12D3C9602C3B8C19007F979F /* ContentView.swift */,
				12D3C9622C3B8C1C007F979F /* Assets.xcassets */,
				12D3C9672C3B8C1C007F979F /* Persistence.swift */,
				12D3C9692C3B8C1C007F979F /* coreDateAddData.xcdatamodeld */,
				12D3C9642C3B8C1C007F979F /* Preview Content */,
			);
			path = coreDateAddData;
			sourceTree = "<group>";
		};
		12D3C9642C3B8C1C007F979F /* Preview Content */ = {
			isa = PBXGroup;
			children = (
				12D3C9652C3B8C1C007F979F /* Preview Assets.xcassets */,
			);
			path = "Preview Content";
			sourceTree = "<group>";
		};
/* End PBXGroup section */

/* Begin PBXNativeTarget section */
		12D3C95A2C3B8C19007F979F /* coreDateAddData */ = {
			isa = PBXNativeTarget;
			buildConfigurationList = 12D3C96E2C3B8C1C007F979F /* Build configuration list for PBXNativeTarget "coreDateAddData" */;
			buildPhases = (
				12D3C9572C3B8C19007F979F /* Sources */,
				12D3C9582C3B8C19007F979F /* Frameworks */,
				12D3C9592C3B8C19007F979F /* Resources */,
			);
			buildRules = (
			);
			dependencies = (
			);
			name = coreDateAddData;
			productName = coreDateAddData;
			productReference = 12D3C95B2C3B8C19007F979F /* coreDateAddData.app */;
			productType = "com.apple.product-type.application";
		};
/* End PBXNativeTarget section */

/* Begin PBXProject section */
		12D3C9532C3B8C19007F979F /* Project object */ = {
			isa = PBXProject;
			attributes = {
				BuildIndependentTargetsInParallel = 1;
				LastSwiftUpdateCheck = 1530;
				LastUpgradeCheck = 1530;
				TargetAttributes = {
					12D3C95A2C3B8C19007F979F = {
						CreatedOnToolsVersion = 15.3;
					};
				};
			};
			buildConfigurationList = 12D3C9562C3B8C19007F979F /* Build configuration list for PBXProject "coreDateAddData" */;
			compatibilityVersion = "Xcode 14.0";
			developmentRegion = en;
			hasScannedForEncodings = 0;
			knownRegions = (
				en,
				Base,
			);
			mainGroup = 12D3C9522C3B8C19007F979F;
			productRefGroup = 12D3C95C2C3B8C19007F979F /* Products */;
			projectDirPath = "";
			projectRoot = "";
			targets = (
				12D3C95A2C3B8C19007F979F /* coreDateAddData */,
			);
		};
/* End PBXProject section */

/* Begin PBXResourcesBuildPhase section */
		12D3C9592C3B8C19007F979F /* Resources */ = {
			isa = PBXResourcesBuildPhase;
			buildActionMask = 2147483647;
			files = (
				12D3C9662C3B8C1C007F979F /* Preview Assets.xcassets in Resources */,
				12D3C9632C3B8C1C007F979F /* Assets.xcassets in Resources */,
			);
			runOnlyForDeploymentPostprocessing = 0;
		};
/* End PBXResourcesBuildPhase section */

/* Begin PBXSourcesBuildPhase section */
		12D3C9572C3B8C19007F979F /* Sources */ = {
			isa = PBXSourcesBuildPhase;
			buildActionMask = 2147483647;
			files = (
				12D3C9682C3B8C1C007F979F /* Persistence.swift in Sources */,
				12D3C9612C3B8C19007F979F /* ContentView.swift in Sources */,
				12D3C96B2C3B8C1C007F979F /* coreDateAddData.xcdatamodeld in Sources */,
				12D3C95F2C3B8C19007F979F /* coreDateAddDataApp.swift in Sources */,
			);
			runOnlyForDeploymentPostprocessing = 0;
		};
/* End PBXSourcesBuildPhase section */

/* Begin XCBuildConfiguration section */
		12D3C96C2C3B8C1C007F979F /* Debug */ = {
			isa = XCBuildConfiguration;
			buildSettings = {
				ALWAYS_SEARCH_USER_PATHS = NO;
				ASSETCATALOG_COMPILER_GENERATE_SWIFT_ASSET_SYMBOL_EXTENSIONS = YES;
				CLANG_ANALYZER_NONNULL = YES;
				CLANG_ANALYZER_NUMBER_OBJECT_CONVERSION = YES_AGGRESSIVE;
				CLANG_CXX_LANGUAGE_STANDARD = "gnu++20";
				CLANG_ENABLE_MODULES = YES;
				CLANG_ENABLE_OBJC_ARC = YES;
				CLANG_ENABLE_OBJC_WEAK = YES;
				CLANG_WARN_BLOCK_CAPTURE_AUTORELEASING = YES;
				CLANG_WARN_BOOL_CONVERSION = YES;
				CLANG_WARN_COMMA = YES;
				CLANG_WARN_CONSTANT_CONVERSION = YES;
				CLANG_WARN_DEPRECATED_OBJC_IMPLEMENTATIONS = YES;
				CLANG_WARN_DIRECT_OBJC_ISA_USAGE = YES_ERROR;
				CLANG_WARN_DOCUMENTATION_COMMENTS = YES;
				CLANG_WARN_EMPTY_BODY = YES;
				CLANG_WARN_ENUM_CONVERSION = YES;
				CLANG_WARN_INFINITE_RECURSION = YES;
				CLANG_WARN_INT_CONVERSION = YES;
				CLANG_WARN_NON_LITERAL_NULL_CONVERSION = YES;
				CLANG_WARN_OBJC_IMPLICIT_RETAIN_SELF = YES;
				CLANG_WARN_OBJC_LITERAL_CONVERSION = YES;
				CLANG_WARN_OBJC_ROOT_CLASS = YES_ERROR;
				CLANG_WARN_QUOTED_INCLUDE_IN_FRAMEWORK_HEADER = YES;
				CLANG_WARN_RANGE_LOOP_ANALYSIS = YES;
				CLANG_WARN_STRICT_PROTOTYPES = YES;
				CLANG_WARN_SUSPICIOUS_MOVE = YES;
				CLANG_WARN_UNGUARDED_AVAILABILITY = YES_AGGRESSIVE;
				CLANG_WARN_UNREACHABLE_CODE = YES;
				CLANG_WARN__DUPLICATE_METHOD_MATCH = YES;
				COPY_PHASE_STRIP = NO;
				DEBUG_INFORMATION_FORMAT = dwarf;
				ENABLE_STRICT_OBJC_MSGSEND = YES;
				ENABLE_TESTABILITY = YES;
				ENABLE_USER_SCRIPT_SANDBOXING = YES;
				GCC_C_LANGUAGE_STANDARD = gnu17;
				GCC_DYNAMIC_NO_PIC = NO;
				GCC_NO_COMMON_BLOCKS = YES;
				GCC_OPTIMIZATION_LEVEL = 0;
				GCC_PREPROCESSOR_DEFINITIONS = (
					"DEBUG=1",
					"$(inherited)",
				);
				GCC_WARN_64_TO_32_BIT_CONVERSION = YES;
				GCC_WARN_ABOUT_RETURN_TYPE = YES_ERROR;
				GCC_WARN_UNDECLARED_SELECTOR = YES;
				GCC_WARN_UNINITIALIZED_AUTOS = YES_AGGRESSIVE;
				GCC_WARN_UNUSED_FUNCTION = YES;
				GCC_WARN_UNUSED_VARIABLE = YES;
				IPHONEOS_DEPLOYMENT_TARGET = 17.4;
				LOCALIZATION_PREFERS_STRING_CATALOGS = YES;
				MTL_ENABLE_DEBUG_INFO = INCLUDE_SOURCE;
				MTL_FAST_MATH = YES;
				ONLY_ACTIVE_ARCH = YES;
				SDKROOT = iphoneos;
				SWIFT_ACTIVE_COMPILATION_CONDITIONS = "DEBUG $(inherited)";
				SWIFT_OPTIMIZATION_LEVEL = "-Onone";
			};
			name = Debug;
		};
		12D3C96D2C3B8C1C007F979F /* Release */ = {
			isa = XCBuildConfiguration;
			buildSettings = {
				ALWAYS_SEARCH_USER_PATHS = NO;
				ASSETCATALOG_COMPILER_GENERATE_SWIFT_ASSET_SYMBOL_EXTENSIONS = YES;
				CLANG_ANALYZER_NONNULL = YES;
				CLANG_ANALYZER_NUMBER_OBJECT_CONVERSION = YES_AGGRESSIVE;
				CLANG_CXX_LANGUAGE_STANDARD = "gnu++20";
				CLANG_ENABLE_MODULES = YES;
				CLANG_ENABLE_OBJC_ARC = YES;
				CLANG_ENABLE_OBJC_WEAK = YES;
				CLANG_WARN_BLOCK_CAPTURE_AUTORELEASING = YES;
				CLANG_WARN_BOOL_CONVERSION = YES;
				CLANG_WARN_COMMA = YES;
				CLANG_WARN_CONSTANT_CONVERSION = YES;
				CLANG_WARN_DEPRECATED_OBJC_IMPLEMENTATIONS = YES;
				CLANG_WARN_DIRECT_OBJC_ISA_USAGE = YES_ERROR;
				CLANG_WARN_DOCUMENTATION_COMMENTS = YES;
				CLANG_WARN_EMPTY_BODY = YES;
				CLANG_WARN_ENUM_CONVERSION = YES;
				CLANG_WARN_INFINITE_RECURSION = YES;
				CLANG_WARN_INT_CONVERSION = YES;
				CLANG_WARN_NON_LITERAL_NULL_CONVERSION = YES;
				CLANG_WARN_OBJC_IMPLICIT_RETAIN_SELF = YES;
				CLANG_WARN_OBJC_LITERAL_CONVERSION = YES;
				CLANG_WARN_OBJC_ROOT_CLASS = YES_ERROR;
				CLANG_WARN_QUOTED_INCLUDE_IN_FRAMEWORK_HEADER = YES;
				CLANG_WARN_RANGE_LOOP_ANALYSIS = YES;
				CLANG_WARN_STRICT_PROTOTYPES = YES;
				CLANG_WARN_SUSPICIOUS_MOVE = YES;
				CLANG_WARN_UNGUARDED_AVAILABILITY = YES_AGGRESSIVE;
				CLANG_WARN_UNREACHABLE_CODE = YES;
				CLANG_WARN__DUPLICATE_METHOD_MATCH = YES;
				COPY_PHASE_STRIP = NO;
				DEBUG_INFORMATION_FORMAT = "dwarf-with-dsym";
				ENABLE_NS_ASSERTIONS = NO;
				ENABLE_STRICT_OBJC_MSGSEND = YES;
				ENABLE_USER_SCRIPT_SANDBOXING = YES;
				GCC_C_LANGUAGE_STANDARD = gnu17;
				GCC_NO_COMMON_BLOCKS = YES;
				GCC_WARN_64_TO_32_BIT_CONVERSION = YES;
				GCC_WARN_ABOUT_RETURN_TYPE = YES_ERROR;
				GCC_WARN_UNDECLARED_SELECTOR = YES;
				GCC_WARN_UNINITIALIZED_AUTOS = YES_AGGRESSIVE;
				GCC_WARN_UNUSED_FUNCTION = YES;
				GCC_WARN_UNUSED_VARIABLE = YES;
				IPHONEOS_DEPLOYMENT_TARGET = 17.4;
				LOCALIZATION_PREFERS_STRING_CATALOGS = YES;
				MTL_ENABLE_DEBUG_INFO = NO;
				MTL_FAST_MATH = YES;
				SDKROOT = iphoneos;
				SWIFT_COMPILATION_MODE = wholemodule;
				VALIDATE_PRODUCT = YES;
			};
			name = Release;
		};
		12D3C96F2C3B8C1C007F979F /* Debug */ = {
			isa = XCBuildConfiguration;
			buildSettings = {
				ASSETCATALOG_COMPILER_APPICON_NAME = AppIcon;
				ASSETCATALOG_COMPILER_GLOBAL_ACCENT_COLOR_NAME = AccentColor;
				CODE_SIGN_STYLE = Automatic;
				CURRENT_PROJECT_VERSION = 1;
				DEVELOPMENT_ASSET_PATHS = "\"coreDateAddData/Preview Content\"";
				DEVELOPMENT_TEAM = XHS2WR6653;
				ENABLE_PREVIEWS = YES;
				GENERATE_INFOPLIST_FILE = YES;
				INFOPLIST_KEY_UIApplicationSceneManifest_Generation = YES;
				INFOPLIST_KEY_UIApplicationSupportsIndirectInputEvents = YES;
				INFOPLIST_KEY_UILaunchScreen_Generation = YES;
				INFOPLIST_KEY_UISupportedInterfaceOrientations_iPad = "UIInterfaceOrientationPortrait UIInterfaceOrientationPortraitUpsideDown UIInterfaceOrientationLandscapeLeft UIInterfaceOrientationLandscapeRight";
				INFOPLIST_KEY_UISupportedInterfaceOrientations_iPhone = "UIInterfaceOrientationPortrait UIInterfaceOrientationLandscapeLeft UIInterfaceOrientationLandscapeRight";
				LD_RUNPATH_SEARCH_PATHS = (
					"$(inherited)",
					"@executable_path/Frameworks",
				);
				MARKETING_VERSION = 1.0;
				PRODUCT_BUNDLE_IDENTIFIER = com.coredatatodolist.np.coreDateAddData;
				PRODUCT_NAME = "$(TARGET_NAME)";
				SWIFT_EMIT_LOC_STRINGS = YES;
				SWIFT_VERSION = 5.0;
				TARGETED_DEVICE_FAMILY = "1,2";
			};
			name = Debug;
		};
		12D3C9702C3B8C1C007F979F /* Release */ = {
			isa = XCBuildConfiguration;
			buildSettings = {
				ASSETCATALOG_COMPILER_APPICON_NAME = AppIcon;
				ASSETCATALOG_COMPILER_GLOBAL_ACCENT_COLOR_NAME = AccentColor;
				CODE_SIGN_STYLE = Automatic;
				CURRENT_PROJECT_VERSION = 1;
				DEVELOPMENT_ASSET_PATHS = "\"coreDateAddData/Preview Content\"";
				DEVELOPMENT_TEAM = XHS2WR6653;
				ENABLE_PREVIEWS = YES;
				GENERATE_INFOPLIST_FILE = YES;
				INFOPLIST_KEY_UIApplicationSceneManifest_Generation = YES;
				INFOPLIST_KEY_UIApplicationSupportsIndirectInputEvents = YES;
				INFOPLIST_KEY_UILaunchScreen_Generation = YES;
				INFOPLIST_KEY_UISupportedInterfaceOrientations_iPad = "UIInterfaceOrientationPortrait UIInterfaceOrientationPortraitUpsideDown UIInterfaceOrientationLandscapeLeft UIInterfaceOrientationLandscapeRight";
				INFOPLIST_KEY_UISupportedInterfaceOrientations_iPhone = "UIInterfaceOrientationPortrait UIInterfaceOrientationLandscapeLeft UIInterfaceOrientationLandscapeRight";
				LD_RUNPATH_SEARCH_PATHS = (
					"$(inherited)",
					"@executable_path/Frameworks",
				);
				MARKETING_VERSION = 1.0;
				PRODUCT_BUNDLE_IDENTIFIER = com.coredatatodolist.np.coreDateAddData;
				PRODUCT_NAME = "$(TARGET_NAME)";
				SWIFT_EMIT_LOC_STRINGS = YES;
				SWIFT_VERSION = 5.0;
				TARGETED_DEVICE_FAMILY = "1,2";
			};
			name = Release;
		};
/* End XCBuildConfiguration section */

/* Begin XCConfigurationList section */
		12D3C9562C3B8C19007F979F /* Build configuration list for PBXProject "coreDateAddData" */ = {
			isa = XCConfigurationList;
			buildConfigurations = (
				12D3C96C2C3B8C1C007F979F /* Debug */,
				12D3C96D2C3B8C1C007F979F /* Release */,
			);
			defaultConfigurationIsVisible = 0;
			defaultConfigurationName = Release;
		};
		12D3C96E2C3B8C1C007F979F /* Build configuration list for PBXNativeTarget "coreDateAddData" */ = {
			isa = XCConfigurationList;
			buildConfigurations = (
				12D3C96F2C3B8C1C007F979F /* Debug */,
				12D3C9702C3B8C1C007F979F /* Release */,
			);
			defaultConfigurationIsVisible = 0;
			defaultConfigurationName = Release;
		};
/* End XCConfigurationList section */

/* Begin XCVersionGroup section */
		12D3C9692C3B8C1C007F979F /* coreDateAddData.xcdatamodeld */ = {
			isa = XCVersionGroup;
			children = (
				12D3C96A2C3B8C1C007F979F /* coreDateAddData.xcdatamodel */,
			);
			currentVersion = 12D3C96A2C3B8C1C007F979F /* coreDateAddData.xcdatamodel */;
			path = coreDateAddData.xcdatamodeld;
			sourceTree = "<group>";
			versionGroupType = wrapper.xcdatamodel;
		};
/* End XCVersionGroup section */
	};
	rootObject = 12D3C9532C3B8C19007F979F /* Project object */;
}
